
Microsoft Visual Studio Solution File, Format Version 12.00
# Visual Studio 15
VisualStudioVersion = 15.0.28307.489
MinimumVisualStudioVersion = 10.0.40219.1
Project("{FAE04EC0-301F-11D3-BF4B-00C04F79EFBC}") = "StudentExercises3", "StudentExercises3\StudentExercises3.csproj", "{614A2130-8E07-4637-9729-C170AA992CB0}"
EndProject
Global
	GlobalSection(SolutionConfigurationPlatforms) = preSolution
		Debug|Any CPU = Debug|Any CPU
		Release|Any CPU = Release|Any CPU
	EndGlobalSection
	GlobalSection(ProjectConfigurationPlatforms) = postSolution
		{614A2130-8E07-4637-9729-C170AA992CB0}.Debug|Any CPU.ActiveCfg = Debug|Any CPU
		{614A2130-8E07-4637-9729-C170AA992CB0}.Debug|Any CPU.Build.0 = Debug|Any CPU
		{614A2130-8E07-4637-9729-C170AA992CB0}.Release|Any CPU.ActiveCfg = Release|Any CPU
		{614A2130-8E07-4637-9729-C170AA992CB0}.Release|Any CPU.Build.0 = Release|Any CPU
	EndGlobalSection
	GlobalSection(SolutionProperties) = preSolution
		HideSolutionNode = FALSE
	EndGlobalSection
	GlobalSection(ExtensibilityGlobals) = postSolution
		SolutionGuid = {D50919D3-C675-42DA-905F-C2F6901CB3B2}
	EndGlobalSection
EndGlobal
